
Microsoft Visual Studio Solution File, Format Version 12.00
# Visual Studio Version 17
VisualStudioVersion = 17.5.33530.505
MinimumVisualStudioVersion = 10.0.40219.1
Project("{9A19103F-16F7-4668-BE54-9A1E7A4F7556}") = "WEB_153502_Sidorova", "WEB_153502_Sidorova\WEB_153502_Sidorova.csproj", "{63350000-F0D7-432C-B8D6-3FD5C8DB2A83}"
EndProject
Project("{FAE04EC0-301F-11D3-BF4B-00C04F79EFBC}") = "CosmeticsShop.Domain", "Cosmetics.Domain\CosmeticsShop.Domain.csproj", "{559E71D1-E37F-4A2F-8969-63532AB494F5}"
EndProject
Global
	GlobalSection(SolutionConfigurationPlatforms) = preSolution
		Debug|Any CPU = Debug|Any CPU
		Release|Any CPU = Release|Any CPU
	EndGlobalSection
	GlobalSection(ProjectConfigurationPlatforms) = postSolution
		{63350000-F0D7-432C-B8D6-3FD5C8DB2A83}.Debug|Any CPU.ActiveCfg = Debug|Any CPU
		{63350000-F0D7-432C-B8D6-3FD5C8DB2A83}.Debug|Any CPU.Build.0 = Debug|Any CPU
		{63350000-F0D7-432C-B8D6-3FD5C8DB2A83}.Release|Any CPU.ActiveCfg = Release|Any CPU
		{63350000-F0D7-432C-B8D6-3FD5C8DB2A83}.Release|Any CPU.Build.0 = Release|Any CPU
		{559E71D1-E37F-4A2F-8969-63532AB494F5}.Debug|Any CPU.ActiveCfg = Debug|Any CPU
		{559E71D1-E37F-4A2F-8969-63532AB494F5}.Debug|Any CPU.Build.0 = Debug|Any CPU
		{559E71D1-E37F-4A2F-8969-63532AB494F5}.Release|Any CPU.ActiveCfg = Release|Any CPU
		{559E71D1-E37F-4A2F-8969-63532AB494F5}.Release|Any CPU.Build.0 = Release|Any CPU
	EndGlobalSection
	GlobalSection(SolutionProperties) = preSolution
		HideSolutionNode = FALSE
	EndGlobalSection
	GlobalSection(ExtensibilityGlobals) = postSolution
		SolutionGuid = {4162D135-8163-45CA-A91F-483AF9D30643}
	EndGlobalSection
EndGlobal
